
Microsoft Visual Studio Solution File, Format Version 12.00
# Visual Studio Version 17
VisualStudioVersion = 17.6.33829.357
MinimumVisualStudioVersion = 10.0.40219.1
Project("{FAE04EC0-301F-11D3-BF4B-00C04F79EFBC}") = "TriAtleta", "TriAtleta.csproj", "{B99D378C-C3D1-46E8-ABAC-488C983EBD0B}"
EndProject
Global
	GlobalSection(SolutionConfigurationPlatforms) = preSolution
		Debug|Any CPU = Debug|Any CPU
		Release|Any CPU = Release|Any CPU
	EndGlobalSection
	GlobalSection(ProjectConfigurationPlatforms) = postSolution
		{B99D378C-C3D1-46E8-ABAC-488C983EBD0B}.Debug|Any CPU.ActiveCfg = Debug|Any CPU
		{B99D378C-C3D1-46E8-ABAC-488C983EBD0B}.Debug|Any CPU.Build.0 = Debug|Any CPU
		{B99D378C-C3D1-46E8-ABAC-488C983EBD0B}.Release|Any CPU.ActiveCfg = Release|Any CPU
		{B99D378C-C3D1-46E8-ABAC-488C983EBD0B}.Release|Any CPU.Build.0 = Release|Any CPU
	EndGlobalSection
	GlobalSection(SolutionProperties) = preSolution
		HideSolutionNode = FALSE
	EndGlobalSection
	GlobalSection(ExtensibilityGlobals) = postSolution
		SolutionGuid = {6973DCB5-2C5A-4E1F-A643-27DD2FC52B0B}
	EndGlobalSection
EndGlobal
