
Microsoft Visual Studio Solution File, Format Version 12.00
# Visual Studio Version 17
VisualStudioVersion = 17.6.33829.357
MinimumVisualStudioVersion = 10.0.40219.1
Project("{FAE04EC0-301F-11D3-BF4B-00C04F79EFBC}") = "Tabuada", "Tabuada.csproj", "{A2681EFF-0FC2-44FE-936F-20F23AD581C5}"
EndProject
Global
	GlobalSection(SolutionConfigurationPlatforms) = preSolution
		Debug|Any CPU = Debug|Any CPU
		Release|Any CPU = Release|Any CPU
	EndGlobalSection
	GlobalSection(ProjectConfigurationPlatforms) = postSolution
		{A2681EFF-0FC2-44FE-936F-20F23AD581C5}.Debug|Any CPU.ActiveCfg = Debug|Any CPU
		{A2681EFF-0FC2-44FE-936F-20F23AD581C5}.Debug|Any CPU.Build.0 = Debug|Any CPU
		{A2681EFF-0FC2-44FE-936F-20F23AD581C5}.Release|Any CPU.ActiveCfg = Release|Any CPU
		{A2681EFF-0FC2-44FE-936F-20F23AD581C5}.Release|Any CPU.Build.0 = Release|Any CPU
	EndGlobalSection
	GlobalSection(SolutionProperties) = preSolution
		HideSolutionNode = FALSE
	EndGlobalSection
	GlobalSection(ExtensibilityGlobals) = postSolution
		SolutionGuid = {8C980049-54C0-46C0-9563-0F755F24A9DA}
	EndGlobalSection
EndGlobal
